
Microsoft Visual Studio Solution File, Format Version 12.00
# Visual Studio Version 17
VisualStudioVersion = 17.2.32516.85
MinimumVisualStudioVersion = 10.0.40219.1
Project("{FAE04EC0-301F-11D3-BF4B-00C04F79EFBC}") = "BookStore", "BookStore\BookStore.csproj", "{62A91DC9-0A5A-4E81-AEF1-4D9F193ED6EF}"
EndProject
Global
	GlobalSection(SolutionConfigurationPlatforms) = preSolution
		Debug|Any CPU = Debug|Any CPU
		Release|Any CPU = Release|Any CPU
	EndGlobalSection
	GlobalSection(ProjectConfigurationPlatforms) = postSolution
		{62A91DC9-0A5A-4E81-AEF1-4D9F193ED6EF}.Debug|Any CPU.ActiveCfg = Debug|Any CPU
		{62A91DC9-0A5A-4E81-AEF1-4D9F193ED6EF}.Debug|Any CPU.Build.0 = Debug|Any CPU
		{62A91DC9-0A5A-4E81-AEF1-4D9F193ED6EF}.Release|Any CPU.ActiveCfg = Release|Any CPU
		{62A91DC9-0A5A-4E81-AEF1-4D9F193ED6EF}.Release|Any CPU.Build.0 = Release|Any CPU
	EndGlobalSection
	GlobalSection(SolutionProperties) = preSolution
		HideSolutionNode = FALSE
	EndGlobalSection
	GlobalSection(ExtensibilityGlobals) = postSolution
		SolutionGuid = {5E2BC5C2-C422-4703-B86E-BE8DCBE55B9F}
	EndGlobalSection
EndGlobal
